
Microsoft Visual Studio Solution File, Format Version 12.00
# Visual Studio Version 17
VisualStudioVersion = 17.7.34221.43
MinimumVisualStudioVersion = 10.0.40219.1
Project("{FAE04EC0-301F-11D3-BF4B-00C04F79EFBC}") = "TimeAMPMApp", "TimeAMPMApp.csproj", "{CF323A8F-F222-4F2A-82DF-B72B20831FF2}"
EndProject
Global
	GlobalSection(SolutionConfigurationPlatforms) = preSolution
		Debug|Any CPU = Debug|Any CPU
		Release|Any CPU = Release|Any CPU
	EndGlobalSection
	GlobalSection(ProjectConfigurationPlatforms) = postSolution
		{CF323A8F-F222-4F2A-82DF-B72B20831FF2}.Debug|Any CPU.ActiveCfg = Debug|Any CPU
		{CF323A8F-F222-4F2A-82DF-B72B20831FF2}.Debug|Any CPU.Build.0 = Debug|Any CPU
		{CF323A8F-F222-4F2A-82DF-B72B20831FF2}.Release|Any CPU.ActiveCfg = Release|Any CPU
		{CF323A8F-F222-4F2A-82DF-B72B20831FF2}.Release|Any CPU.Build.0 = Release|Any CPU
	EndGlobalSection
	GlobalSection(SolutionProperties) = preSolution
		HideSolutionNode = FALSE
	EndGlobalSection
	GlobalSection(ExtensibilityGlobals) = postSolution
		SolutionGuid = {C494B55F-2930-4AC6-87C2-AB5341B3F004}
	EndGlobalSection
EndGlobal
