
Microsoft Visual Studio Solution File, Format Version 12.00
# Visual Studio Version 17
VisualStudioVersion = 17.7.34221.43
MinimumVisualStudioVersion = 10.0.40219.1
Project("{FAE04EC0-301F-11D3-BF4B-00C04F79EFBC}") = "TeacherPayment", "TeacherPayment.csproj", "{AAEB35B8-3FC6-4220-B77A-3C0C50921343}"
EndProject
Global
	GlobalSection(SolutionConfigurationPlatforms) = preSolution
		Debug|Any CPU = Debug|Any CPU
		Release|Any CPU = Release|Any CPU
	EndGlobalSection
	GlobalSection(ProjectConfigurationPlatforms) = postSolution
		{AAEB35B8-3FC6-4220-B77A-3C0C50921343}.Debug|Any CPU.ActiveCfg = Debug|Any CPU
		{AAEB35B8-3FC6-4220-B77A-3C0C50921343}.Debug|Any CPU.Build.0 = Debug|Any CPU
		{AAEB35B8-3FC6-4220-B77A-3C0C50921343}.Release|Any CPU.ActiveCfg = Release|Any CPU
		{AAEB35B8-3FC6-4220-B77A-3C0C50921343}.Release|Any CPU.Build.0 = Release|Any CPU
	EndGlobalSection
	GlobalSection(SolutionProperties) = preSolution
		HideSolutionNode = FALSE
	EndGlobalSection
	GlobalSection(ExtensibilityGlobals) = postSolution
		SolutionGuid = {53CF60D6-C930-4D12-AAE3-5340D9DC76DA}
	EndGlobalSection
EndGlobal
