
Microsoft Visual Studio Solution File, Format Version 12.00
# Visual Studio Version 17
VisualStudioVersion = 17.7.34221.43
MinimumVisualStudioVersion = 10.0.40219.1
Project("{FAE04EC0-301F-11D3-BF4B-00C04F79EFBC}") = "TimeApp", "TimeApp.csproj", "{F92D00DD-C386-4A8B-9F80-D20711F976CA}"
EndProject
Global
	GlobalSection(SolutionConfigurationPlatforms) = preSolution
		Debug|Any CPU = Debug|Any CPU
		Release|Any CPU = Release|Any CPU
	EndGlobalSection
	GlobalSection(ProjectConfigurationPlatforms) = postSolution
		{F92D00DD-C386-4A8B-9F80-D20711F976CA}.Debug|Any CPU.ActiveCfg = Debug|Any CPU
		{F92D00DD-C386-4A8B-9F80-D20711F976CA}.Debug|Any CPU.Build.0 = Debug|Any CPU
		{F92D00DD-C386-4A8B-9F80-D20711F976CA}.Release|Any CPU.ActiveCfg = Release|Any CPU
		{F92D00DD-C386-4A8B-9F80-D20711F976CA}.Release|Any CPU.Build.0 = Release|Any CPU
	EndGlobalSection
	GlobalSection(SolutionProperties) = preSolution
		HideSolutionNode = FALSE
	EndGlobalSection
	GlobalSection(ExtensibilityGlobals) = postSolution
		SolutionGuid = {CF89D92B-99C9-402B-9B9A-B661925645A7}
	EndGlobalSection
EndGlobal
