
Microsoft Visual Studio Solution File, Format Version 12.00
# Visual Studio Version 17
VisualStudioVersion = 17.7.34221.43
MinimumVisualStudioVersion = 10.0.40219.1
Project("{FAE04EC0-301F-11D3-BF4B-00C04F79EFBC}") = "PerfectNumber", "PerfectNumber.csproj", "{430C8EB6-9260-47B3-A0E5-63FBC3C861A8}"
EndProject
Global
	GlobalSection(SolutionConfigurationPlatforms) = preSolution
		Debug|Any CPU = Debug|Any CPU
		Release|Any CPU = Release|Any CPU
	EndGlobalSection
	GlobalSection(ProjectConfigurationPlatforms) = postSolution
		{430C8EB6-9260-47B3-A0E5-63FBC3C861A8}.Debug|Any CPU.ActiveCfg = Debug|Any CPU
		{430C8EB6-9260-47B3-A0E5-63FBC3C861A8}.Debug|Any CPU.Build.0 = Debug|Any CPU
		{430C8EB6-9260-47B3-A0E5-63FBC3C861A8}.Release|Any CPU.ActiveCfg = Release|Any CPU
		{430C8EB6-9260-47B3-A0E5-63FBC3C861A8}.Release|Any CPU.Build.0 = Release|Any CPU
	EndGlobalSection
	GlobalSection(SolutionProperties) = preSolution
		HideSolutionNode = FALSE
	EndGlobalSection
	GlobalSection(ExtensibilityGlobals) = postSolution
		SolutionGuid = {50461B1F-8100-4625-8BEF-4F7F6FB8574A}
	EndGlobalSection
EndGlobal
