
Microsoft Visual Studio Solution File, Format Version 12.00
# Visual Studio Version 17
VisualStudioVersion = 17.7.34221.43
MinimumVisualStudioVersion = 10.0.40219.1
Project("{FAE04EC0-301F-11D3-BF4B-00C04F79EFBC}") = "BmmKmm", "BmmKmm\BmmKmm.csproj", "{4838D34D-8B20-4727-83D7-0BB97ED665BD}"
EndProject
Global
	GlobalSection(SolutionConfigurationPlatforms) = preSolution
		Debug|Any CPU = Debug|Any CPU
		Release|Any CPU = Release|Any CPU
	EndGlobalSection
	GlobalSection(ProjectConfigurationPlatforms) = postSolution
		{4838D34D-8B20-4727-83D7-0BB97ED665BD}.Debug|Any CPU.ActiveCfg = Debug|Any CPU
		{4838D34D-8B20-4727-83D7-0BB97ED665BD}.Debug|Any CPU.Build.0 = Debug|Any CPU
		{4838D34D-8B20-4727-83D7-0BB97ED665BD}.Release|Any CPU.ActiveCfg = Release|Any CPU
		{4838D34D-8B20-4727-83D7-0BB97ED665BD}.Release|Any CPU.Build.0 = Release|Any CPU
	EndGlobalSection
	GlobalSection(SolutionProperties) = preSolution
		HideSolutionNode = FALSE
	EndGlobalSection
	GlobalSection(ExtensibilityGlobals) = postSolution
		SolutionGuid = {0ED94FA2-01C0-4495-96D9-1FAF9FFD6B38}
	EndGlobalSection
EndGlobal
