
Microsoft Visual Studio Solution File, Format Version 12.00
# Visual Studio Version 17
VisualStudioVersion = 17.7.34221.43
MinimumVisualStudioVersion = 10.0.40219.1
Project("{FAE04EC0-301F-11D3-BF4B-00C04F79EFBC}") = "GravityApp", "GravityApp.csproj", "{7C8D7AF6-DD36-4348-BDD0-16350EC2F8DB}"
EndProject
Global
	GlobalSection(SolutionConfigurationPlatforms) = preSolution
		Debug|Any CPU = Debug|Any CPU
		Release|Any CPU = Release|Any CPU
	EndGlobalSection
	GlobalSection(ProjectConfigurationPlatforms) = postSolution
		{7C8D7AF6-DD36-4348-BDD0-16350EC2F8DB}.Debug|Any CPU.ActiveCfg = Debug|Any CPU
		{7C8D7AF6-DD36-4348-BDD0-16350EC2F8DB}.Debug|Any CPU.Build.0 = Debug|Any CPU
		{7C8D7AF6-DD36-4348-BDD0-16350EC2F8DB}.Release|Any CPU.ActiveCfg = Release|Any CPU
		{7C8D7AF6-DD36-4348-BDD0-16350EC2F8DB}.Release|Any CPU.Build.0 = Release|Any CPU
	EndGlobalSection
	GlobalSection(SolutionProperties) = preSolution
		HideSolutionNode = FALSE
	EndGlobalSection
	GlobalSection(ExtensibilityGlobals) = postSolution
		SolutionGuid = {711266B2-CC02-43B8-AE56-B683A4155096}
	EndGlobalSection
EndGlobal
