
Microsoft Visual Studio Solution File, Format Version 12.00
# Visual Studio Version 17
VisualStudioVersion = 17.7.34221.43
MinimumVisualStudioVersion = 10.0.40219.1
Project("{FAE04EC0-301F-11D3-BF4B-00C04F79EFBC}") = "MagicDateApp", "MagicDateApp.csproj", "{1A2EDCDF-DD37-4795-BE6A-BC3F824EF6F7}"
EndProject
Global
	GlobalSection(SolutionConfigurationPlatforms) = preSolution
		Debug|Any CPU = Debug|Any CPU
		Release|Any CPU = Release|Any CPU
	EndGlobalSection
	GlobalSection(ProjectConfigurationPlatforms) = postSolution
		{1A2EDCDF-DD37-4795-BE6A-BC3F824EF6F7}.Debug|Any CPU.ActiveCfg = Debug|Any CPU
		{1A2EDCDF-DD37-4795-BE6A-BC3F824EF6F7}.Debug|Any CPU.Build.0 = Debug|Any CPU
		{1A2EDCDF-DD37-4795-BE6A-BC3F824EF6F7}.Release|Any CPU.ActiveCfg = Release|Any CPU
		{1A2EDCDF-DD37-4795-BE6A-BC3F824EF6F7}.Release|Any CPU.Build.0 = Release|Any CPU
	EndGlobalSection
	GlobalSection(SolutionProperties) = preSolution
		HideSolutionNode = FALSE
	EndGlobalSection
	GlobalSection(ExtensibilityGlobals) = postSolution
		SolutionGuid = {8F72BAF4-D2C3-4477-90B5-FED3E94B5271}
	EndGlobalSection
EndGlobal
