
Microsoft Visual Studio Solution File, Format Version 12.00
# Visual Studio Version 17
VisualStudioVersion = 17.7.34221.43
MinimumVisualStudioVersion = 10.0.40219.1
Project("{FAE04EC0-301F-11D3-BF4B-00C04F79EFBC}") = "Methods", "Methods\Methods.csproj", "{FC65ECC5-308C-43D3-B4F5-3F7EB440450C}"
EndProject
Global
	GlobalSection(SolutionConfigurationPlatforms) = preSolution
		Debug|Any CPU = Debug|Any CPU
		Release|Any CPU = Release|Any CPU
	EndGlobalSection
	GlobalSection(ProjectConfigurationPlatforms) = postSolution
		{FC65ECC5-308C-43D3-B4F5-3F7EB440450C}.Debug|Any CPU.ActiveCfg = Debug|Any CPU
		{FC65ECC5-308C-43D3-B4F5-3F7EB440450C}.Debug|Any CPU.Build.0 = Debug|Any CPU
		{FC65ECC5-308C-43D3-B4F5-3F7EB440450C}.Release|Any CPU.ActiveCfg = Release|Any CPU
		{FC65ECC5-308C-43D3-B4F5-3F7EB440450C}.Release|Any CPU.Build.0 = Release|Any CPU
	EndGlobalSection
	GlobalSection(SolutionProperties) = preSolution
		HideSolutionNode = FALSE
	EndGlobalSection
	GlobalSection(ExtensibilityGlobals) = postSolution
		SolutionGuid = {D0359544-04C8-460D-92F9-0A37949AE731}
	EndGlobalSection
EndGlobal
