
Microsoft Visual Studio Solution File, Format Version 12.00
# Visual Studio Version 17
VisualStudioVersion = 17.7.34221.43
MinimumVisualStudioVersion = 10.0.40219.1
Project("{FAE04EC0-301F-11D3-BF4B-00C04F79EFBC}") = "MethodExample5", "MethodExample5\MethodExample5.csproj", "{74E53E82-6DAC-48FE-B664-19DC39E659E6}"
EndProject
Global
	GlobalSection(SolutionConfigurationPlatforms) = preSolution
		Debug|Any CPU = Debug|Any CPU
		Release|Any CPU = Release|Any CPU
	EndGlobalSection
	GlobalSection(ProjectConfigurationPlatforms) = postSolution
		{74E53E82-6DAC-48FE-B664-19DC39E659E6}.Debug|Any CPU.ActiveCfg = Debug|Any CPU
		{74E53E82-6DAC-48FE-B664-19DC39E659E6}.Debug|Any CPU.Build.0 = Debug|Any CPU
		{74E53E82-6DAC-48FE-B664-19DC39E659E6}.Release|Any CPU.ActiveCfg = Release|Any CPU
		{74E53E82-6DAC-48FE-B664-19DC39E659E6}.Release|Any CPU.Build.0 = Release|Any CPU
	EndGlobalSection
	GlobalSection(SolutionProperties) = preSolution
		HideSolutionNode = FALSE
	EndGlobalSection
	GlobalSection(ExtensibilityGlobals) = postSolution
		SolutionGuid = {FBA70A1C-B1E4-4AD9-8560-6674B9377E07}
	EndGlobalSection
EndGlobal
