
Microsoft Visual Studio Solution File, Format Version 12.00
# Visual Studio Version 17
VisualStudioVersion = 17.7.34221.43
MinimumVisualStudioVersion = 10.0.40219.1
Project("{FAE04EC0-301F-11D3-BF4B-00C04F79EFBC}") = "CircleApp", "CircleApp.csproj", "{B6629AA5-CEA0-4006-88FC-9A9F4D55038B}"
EndProject
Global
	GlobalSection(SolutionConfigurationPlatforms) = preSolution
		Debug|Any CPU = Debug|Any CPU
		Release|Any CPU = Release|Any CPU
	EndGlobalSection
	GlobalSection(ProjectConfigurationPlatforms) = postSolution
		{B6629AA5-CEA0-4006-88FC-9A9F4D55038B}.Debug|Any CPU.ActiveCfg = Debug|Any CPU
		{B6629AA5-CEA0-4006-88FC-9A9F4D55038B}.Debug|Any CPU.Build.0 = Debug|Any CPU
		{B6629AA5-CEA0-4006-88FC-9A9F4D55038B}.Release|Any CPU.ActiveCfg = Release|Any CPU
		{B6629AA5-CEA0-4006-88FC-9A9F4D55038B}.Release|Any CPU.Build.0 = Release|Any CPU
	EndGlobalSection
	GlobalSection(SolutionProperties) = preSolution
		HideSolutionNode = FALSE
	EndGlobalSection
	GlobalSection(ExtensibilityGlobals) = postSolution
		SolutionGuid = {B7596198-4869-4D02-BF46-E6394E82B0EF}
	EndGlobalSection
EndGlobal
